
Microsoft Visual Studio Solution File, Format Version 11.00
# Visual Studio 2010
Project("{F184B08F-C81C-45F6-A57F-5ABD9991F28F}") = "WebExplorer Evo", "WebExplorer Evo\WebExplorer Evo.vbproj", "{7685709E-A09B-469C-BA1F-3ED8F3DE7164}"
EndProject
Global
	GlobalSection(SolutionConfigurationPlatforms) = preSolution
		Debug|x86 = Debug|x86
		Release|x86 = Release|x86
	EndGlobalSection
	GlobalSection(ProjectConfigurationPlatforms) = postSolution
		{7685709E-A09B-469C-BA1F-3ED8F3DE7164}.Debug|x86.ActiveCfg = Debug|x86
		{7685709E-A09B-469C-BA1F-3ED8F3DE7164}.Debug|x86.Build.0 = Debug|x86
		{7685709E-A09B-469C-BA1F-3ED8F3DE7164}.Release|x86.ActiveCfg = Release|x86
		{7685709E-A09B-469C-BA1F-3ED8F3DE7164}.Release|x86.Build.0 = Release|x86
	EndGlobalSection
	GlobalSection(SolutionProperties) = preSolution
		HideSolutionNode = FALSE
	EndGlobalSection
EndGlobal
