
Microsoft Visual Studio Solution File, Format Version 11.00
# Visual Studio 2010
Project("{F184B08F-C81C-45F6-A57F-5ABD9991F28F}") = "AppServer", "Go!\AppServer.vbproj", "{75583EB0-BA99-4874-8DD8-66DCF5B8449C}"
EndProject
Global
	GlobalSection(SolutionConfigurationPlatforms) = preSolution
		Debug|x86 = Debug|x86
		Release|x86 = Release|x86
	EndGlobalSection
	GlobalSection(ProjectConfigurationPlatforms) = postSolution
		{75583EB0-BA99-4874-8DD8-66DCF5B8449C}.Debug|x86.ActiveCfg = Debug|x86
		{75583EB0-BA99-4874-8DD8-66DCF5B8449C}.Debug|x86.Build.0 = Debug|x86
		{75583EB0-BA99-4874-8DD8-66DCF5B8449C}.Release|x86.ActiveCfg = Release|x86
		{75583EB0-BA99-4874-8DD8-66DCF5B8449C}.Release|x86.Build.0 = Release|x86
	EndGlobalSection
	GlobalSection(SolutionProperties) = preSolution
		HideSolutionNode = FALSE
	EndGlobalSection
EndGlobal
